
Microsoft Visual Studio Solution File, Format Version 12.00
# Visual Studio Version 16
VisualStudioVersion = 16.0.30225.117
MinimumVisualStudioVersion = 10.0.40219.1
Project("{9A19103F-16F7-4668-BE54-9A1E7A4F7556}") = "Task1_1", "Task1_1\Task1_1.csproj", "{6B8CC6A4-5171-4ECC-80F5-82DAB35B78E5}"
EndProject
Project("{9A19103F-16F7-4668-BE54-9A1E7A4F7556}") = "Task1_1.Tests", "Task1_1.Tests\Task1_1.Tests.csproj", "{E92106CB-4EDB-4A00-8D25-8E4CD80E49A3}"
EndProject
Project("{9A19103F-16F7-4668-BE54-9A1E7A4F7556}") = "Task1_2", "Task1_2\Task1_2.csproj", "{72DADC79-3315-4839-89E9-2040C290AA8D}"
EndProject
Project("{9A19103F-16F7-4668-BE54-9A1E7A4F7556}") = "Task1_2.Tests", "Task1_2.Tests\Task1_2.Tests.csproj", "{63DD88C9-FCF4-4834-9D23-11FE6FCA8A71}"
EndProject
Global
	GlobalSection(SolutionConfigurationPlatforms) = preSolution
		Debug|Any CPU = Debug|Any CPU
		Release|Any CPU = Release|Any CPU
	EndGlobalSection
	GlobalSection(ProjectConfigurationPlatforms) = postSolution
		{6B8CC6A4-5171-4ECC-80F5-82DAB35B78E5}.Debug|Any CPU.ActiveCfg = Debug|Any CPU
		{6B8CC6A4-5171-4ECC-80F5-82DAB35B78E5}.Debug|Any CPU.Build.0 = Debug|Any CPU
		{6B8CC6A4-5171-4ECC-80F5-82DAB35B78E5}.Release|Any CPU.ActiveCfg = Release|Any CPU
		{6B8CC6A4-5171-4ECC-80F5-82DAB35B78E5}.Release|Any CPU.Build.0 = Release|Any CPU
		{E92106CB-4EDB-4A00-8D25-8E4CD80E49A3}.Debug|Any CPU.ActiveCfg = Debug|Any CPU
		{E92106CB-4EDB-4A00-8D25-8E4CD80E49A3}.Debug|Any CPU.Build.0 = Debug|Any CPU
		{E92106CB-4EDB-4A00-8D25-8E4CD80E49A3}.Release|Any CPU.ActiveCfg = Release|Any CPU
		{E92106CB-4EDB-4A00-8D25-8E4CD80E49A3}.Release|Any CPU.Build.0 = Release|Any CPU
		{72DADC79-3315-4839-89E9-2040C290AA8D}.Debug|Any CPU.ActiveCfg = Debug|Any CPU
		{72DADC79-3315-4839-89E9-2040C290AA8D}.Debug|Any CPU.Build.0 = Debug|Any CPU
		{72DADC79-3315-4839-89E9-2040C290AA8D}.Release|Any CPU.ActiveCfg = Release|Any CPU
		{72DADC79-3315-4839-89E9-2040C290AA8D}.Release|Any CPU.Build.0 = Release|Any CPU
		{63DD88C9-FCF4-4834-9D23-11FE6FCA8A71}.Debug|Any CPU.ActiveCfg = Debug|Any CPU
		{63DD88C9-FCF4-4834-9D23-11FE6FCA8A71}.Debug|Any CPU.Build.0 = Debug|Any CPU
		{63DD88C9-FCF4-4834-9D23-11FE6FCA8A71}.Release|Any CPU.ActiveCfg = Release|Any CPU
		{63DD88C9-FCF4-4834-9D23-11FE6FCA8A71}.Release|Any CPU.Build.0 = Release|Any CPU
	EndGlobalSection
	GlobalSection(SolutionProperties) = preSolution
		HideSolutionNode = FALSE
	EndGlobalSection
	GlobalSection(ExtensibilityGlobals) = postSolution
		SolutionGuid = {898B96E3-9DA0-4FCE-940F-7D4484F452B2}
	EndGlobalSection
EndGlobal
